// !$*UTF8*$!
{
	archiveVersion = 1;
	classes = {
	};
	objectVersion = 46;
	objects = {

/* Begin PBXBuildFile section */
		826AB6BF1DD988B8007F66EC /* main.c in Sources */ = {isa = PBXBuildFile; fileRef = 826AB6BE1DD988B8007F66EC /* main.c */; };
/* End PBXBuildFile section */

/* Begin PBXCopyFilesBuildPhase section */
		826AB6B91DD988B8007F66EC /* CopyFiles */ = {
			isa = PBXCopyFilesBuildPhase;
			buildActionMask = 2147483647;
			dstPath = /usr/share/man/man1/;
			dstSubfolderSpec = 0;
			files = (
			);
			runOnlyForDeploymentPostprocessing = 1;
		};
/* End PBXCopyFilesBuildPhase section */

/* Begin PBXFileReference section */
		823FD4231DDD9A330091E9A3 /* t10k-labels-idx1-ubyte */ = {isa = PBXFileReference; lastKnownFileType = file; path = "t10k-labels-idx1-ubyte"; sourceTree = "<group>"; };
		823FD4241DDD9A330091E9A3 /* train-images-idx3-ubyte */ = {isa = PBXFileReference; lastKnownFileType = file; path = "train-images-idx3-ubyte"; sourceTree = "<group>"; };
		823FD4251DDD9A8E0091E9A3 /* train-labels-idx1-ubyte */ = {isa = PBXFileReference; lastKnownFileType = file; path = "train-labels-idx1-ubyte"; sourceTree = "<group>"; };
		8242839B1E56C5BE0022CD86 /* bias_conv.dat */ = {isa = PBXFileReference; lastKnownFileType = file; path = bias_conv.dat; sourceTree = "<group>"; };
		8242839C1E56C5BE0022CD86 /* weights_conv.dat */ = {isa = PBXFileReference; lastKnownFileType = file; path = weights_conv.dat; sourceTree = "<group>"; };
		826AB6BB1DD988B8007F66EC /* LearnCNN */ = {isa = PBXFileReference; explicitFileType = "compiled.mach-o.executable"; includeInIndex = 0; path = LearnCNN; sourceTree = BUILT_PRODUCTS_DIR; };
		826AB6BE1DD988B8007F66EC /* main.c */ = {isa = PBXFileReference; lastKnownFileType = sourcecode.c.c; path = main.c; sourceTree = "<group>"; };
/* End PBXFileReference section */

/* Begin PBXFrameworksBuildPhase section */
		826AB6B81DD988B8007F66EC /* Frameworks */ = {
			isa = PBXFrameworksBuildPhase;
			buildActionMask = 2147483647;
			files = (
			);
			runOnlyForDeploymentPostprocessing = 0;
		};
/* End PBXFrameworksBuildPhase section */

/* Begin PBXGroup section */
		826AB6B21DD988B8007F66EC = {
			isa = PBXGroup;
			children = (
				826AB6BD1DD988B8007F66EC /* LearnCNN */,
				826AB6BC1DD988B8007F66EC /* Products */,
			);
			sourceTree = "<group>";
		};
		826AB6BC1DD988B8007F66EC /* Products */ = {
			isa = PBXGroup;
			children = (
				826AB6BB1DD988B8007F66EC /* LearnCNN */,
			);
			name = Products;
			sourceTree = "<group>";
		};
		826AB6BD1DD988B8007F66EC /* LearnCNN */ = {
			isa = PBXGroup;
			children = (
				8242839B1E56C5BE0022CD86 /* bias_conv.dat */,
				8242839C1E56C5BE0022CD86 /* weights_conv.dat */,
				823FD4231DDD9A330091E9A3 /* t10k-labels-idx1-ubyte */,
				823FD4251DDD9A8E0091E9A3 /* train-labels-idx1-ubyte */,
				823FD4241DDD9A330091E9A3 /* train-images-idx3-ubyte */,
				826AB6BE1DD988B8007F66EC /* main.c */,
			);
			path = LearnCNN;
			sourceTree = "<group>";
		};
/* End PBXGroup section */

/* Begin PBXNativeTarget section */
		826AB6BA1DD988B8007F66EC /* LearnCNN */ = {
			isa = PBXNativeTarget;
			buildConfigurationList = 826AB6C21DD988B8007F66EC /* Build configuration list for PBXNativeTarget "LearnCNN" */;
			buildPhases = (
				826AB6B71DD988B8007F66EC /* Sources */,
				826AB6B81DD988B8007F66EC /* Frameworks */,
				826AB6B91DD988B8007F66EC /* CopyFiles */,
			);
			buildRules = (
			);
			dependencies = (
			);
			name = LearnCNN;
			productName = LearnCNN;
			productReference = 826AB6BB1DD988B8007F66EC /* LearnCNN */;
			productType = "com.apple.product-type.tool";
		};
/* End PBXNativeTarget section */

/* Begin PBXProject section */
		826AB6B31DD988B8007F66EC /* Project object */ = {
			isa = PBXProject;
			attributes = {
				LastUpgradeCheck = 0800;
				ORGANIZATIONNAME = javalong;
				TargetAttributes = {
					826AB6BA1DD988B8007F66EC = {
						CreatedOnToolsVersion = 8.0;
						ProvisioningStyle = Automatic;
					};
				};
			};
			buildConfigurationList = 826AB6B61DD988B8007F66EC /* Build configuration list for PBXProject "LearnCNN" */;
			compatibilityVersion = "Xcode 3.2";
			developmentRegion = English;
			hasScannedForEncodings = 0;
			knownRegions = (
				en,
			);
			mainGroup = 826AB6B21DD988B8007F66EC;
			productRefGroup = 826AB6BC1DD988B8007F66EC /* Products */;
			projectDirPath = "";
			projectRoot = "";
			targets = (
				826AB6BA1DD988B8007F66EC /* LearnCNN */,
			);
		};
/* End PBXProject section */

/* Begin PBXSourcesBuildPhase section */
		826AB6B71DD988B8007F66EC /* Sources */ = {
			isa = PBXSourcesBuildPhase;
			buildActionMask = 2147483647;
			files = (
				826AB6BF1DD988B8007F66EC /* main.c in Sources */,
			);
			runOnlyForDeploymentPostprocessing = 0;
		};
/* End PBXSourcesBuildPhase section */

/* Begin XCBuildConfiguration section */
		826AB6C01DD988B8007F66EC /* Debug */ = {
			isa = XCBuildConfiguration;
			buildSettings = {
				ALWAYS_SEARCH_USER_PATHS = NO;
				CLANG_ANALYZER_NONNULL = YES;
				CLANG_CXX_LANGUAGE_STANDARD = "gnu++0x";
				CLANG_CXX_LIBRARY = "libc++";
				CLANG_ENABLE_MODULES = YES;
				CLANG_ENABLE_OBJC_ARC = YES;
				CLANG_WARN_BOOL_CONVERSION = YES;
				CLANG_WARN_CONSTANT_CONVERSION = YES;
				CLANG_WARN_DIRECT_OBJC_ISA_USAGE = YES_ERROR;
				CLANG_WARN_DOCUMENTATION_COMMENTS = YES;
				CLANG_WARN_EMPTY_BODY = YES;
				CLANG_WARN_ENUM_CONVERSION = YES;
				CLANG_WARN_INFINITE_RECURSION = YES;
				CLANG_WARN_INT_CONVERSION = YES;
				CLANG_WARN_OBJC_ROOT_CLASS = YES_ERROR;
				CLANG_WARN_SUSPICIOUS_MOVES = YES;
				CLANG_WARN_UNREACHABLE_CODE = YES;
				CLANG_WARN__DUPLICATE_METHOD_MATCH = YES;
				CODE_SIGN_IDENTITY = "-";
				COPY_PHASE_STRIP = NO;
				DEBUG_INFORMATION_FORMAT = dwarf;
				ENABLE_STRICT_OBJC_MSGSEND = YES;
				ENABLE_TESTABILITY = YES;
				GCC_C_LANGUAGE_STANDARD = gnu99;
				GCC_DYNAMIC_NO_PIC = NO;
				GCC_NO_COMMON_BLOCKS = YES;
				GCC_OPTIMIZATION_LEVEL = 0;
				GCC_PREPROCESSOR_DEFINITIONS = (
					"DEBUG=1",
					"$(inherited)",
				);
				GCC_WARN_64_TO_32_BIT_CONVERSION = YES;
				GCC_WARN_ABOUT_RETURN_TYPE = YES_ERROR;
				GCC_WARN_UNDECLARED_SELECTOR = YES;
				GCC_WARN_UNINITIALIZED_AUTOS = YES_AGGRESSIVE;
				GCC_WARN_UNUSED_FUNCTION = YES;
				GCC_WARN_UNUSED_VARIABLE = YES;
				MACOSX_DEPLOYMENT_TARGET = 10.11;
				MTL_ENABLE_DEBUG_INFO = YES;
				ONLY_ACTIVE_ARCH = YES;
				SDKROOT = macosx;
			};
			name = Debug;
		};
		826AB6C11DD988B8007F66EC /* Release */ = {
			isa = XCBuildConfiguration;
			buildSettings = {
				ALWAYS_SEARCH_USER_PATHS = NO;
				CLANG_ANALYZER_NONNULL = YES;
				CLANG_CXX_LANGUAGE_STANDARD = "gnu++0x";
				CLANG_CXX_LIBRARY = "libc++";
				CLANG_ENABLE_MODULES = YES;
				CLANG_ENABLE_OBJC_ARC = YES;
				CLANG_WARN_BOOL_CONVERSION = YES;
				CLANG_WARN_CONSTANT_CONVERSION = YES;
				CLANG_WARN_DIRECT_OBJC_ISA_USAGE = YES_ERROR;
				CLANG_WARN_DOCUMENTATION_COMMENTS = YES;
				CLANG_WARN_EMPTY_BODY = YES;
				CLANG_WARN_ENUM_CONVERSION = YES;
				CLANG_WARN_INFINITE_RECURSION = YES;
				CLANG_WARN_INT_CONVERSION = YES;
				CLANG_WARN_OBJC_ROOT_CLASS = YES_ERROR;
				CLANG_WARN_SUSPICIOUS_MOVES = YES;
				CLANG_WARN_UNREACHABLE_CODE = YES;
				CLANG_WARN__DUPLICATE_METHOD_MATCH = YES;
				CODE_SIGN_IDENTITY = "-";
				COPY_PHASE_STRIP = NO;
				DEBUG_INFORMATION_FORMAT = "dwarf-with-dsym";
				ENABLE_NS_ASSERTIONS = NO;
				ENABLE_STRICT_OBJC_MSGSEND = YES;
				GCC_C_LANGUAGE_STANDARD = gnu99;
				GCC_NO_COMMON_BLOCKS = YES;
				GCC_WARN_64_TO_32_BIT_CONVERSION = YES;
				GCC_WARN_ABOUT_RETURN_TYPE = YES_ERROR;
				GCC_WARN_UNDECLARED_SELECTOR = YES;
				GCC_WARN_UNINITIALIZED_AUTOS = YES_AGGRESSIVE;
				GCC_WARN_UNUSED_FUNCTION = YES;
				GCC_WARN_UNUSED_VARIABLE = YES;
				MACOSX_DEPLOYMENT_TARGET = 10.11;
				MTL_ENABLE_DEBUG_INFO = NO;
				SDKROOT = macosx;
			};
			name = Release;
		};
		826AB6C31DD988B8007F66EC /* Debug */ = {
			isa = XCBuildConfiguration;
			buildSettings = {
				PRODUCT_NAME = "$(TARGET_NAME)";
			};
			name = Debug;
		};
		826AB6C41DD988B8007F66EC /* Release */ = {
			isa = XCBuildConfiguration;
			buildSettings = {
				PRODUCT_NAME = "$(TARGET_NAME)";
			};
			name = Release;
		};
/* End XCBuildConfiguration section */

/* Begin XCConfigurationList section */
		826AB6B61DD988B8007F66EC /* Build configuration list for PBXProject "LearnCNN" */ = {
			isa = XCConfigurationList;
			buildConfigurations = (
				826AB6C01DD988B8007F66EC /* Debug */,
				826AB6C11DD988B8007F66EC /* Release */,
			);
			defaultConfigurationIsVisible = 0;
			defaultConfigurationName = Release;
		};
		826AB6C21DD988B8007F66EC /* Build configuration list for PBXNativeTarget "LearnCNN" */ = {
			isa = XCConfigurationList;
			buildConfigurations = (
				826AB6C31DD988B8007F66EC /* Debug */,
				826AB6C41DD988B8007F66EC /* Release */,
			);
			defaultConfigurationIsVisible = 0;
			defaultConfigurationName = Release;
		};
/* End XCConfigurationList section */
	};
	rootObject = 826AB6B31DD988B8007F66EC /* Project object */;
}
